// !$*UTF8*$!
{
	archiveVersion = 1;
	classes = {
	};
	objectVersion = 46;
	objects = {

/* Begin PBXBuildFile section */
		1E974A421DC990A40091D375 /* AppDelegate.swift in Sources */ = {isa = PBXBuildFile; fileRef = 1E974A411DC990A40091D375 /* AppDelegate.swift */; };
		1E974A441DC990A40091D375 /* ViewController.swift in Sources */ = {isa = PBXBuildFile; fileRef = 1E974A431DC990A40091D375 /* ViewController.swift */; };
		1E974A471DC990A40091D375 /* Main.storyboard in Resources */ = {isa = PBXBuildFile; fileRef = 1E974A451DC990A40091D375 /* Main.storyboard */; };
		1E974A491DC990A40091D375 /* Assets.xcassets in Resources */ = {isa = PBXBuildFile; fileRef = 1E974A481DC990A40091D375 /* Assets.xcassets */; };
		1E974A4C1DC990A40091D375 /* LaunchScreen.storyboard in Resources */ = {isa = PBXBuildFile; fileRef = 1E974A4A1DC990A40091D375 /* LaunchScreen.storyboard */; };
		1E974A571DC990A40091D375 /* gitHub_swiftTests.swift in Sources */ = {isa = PBXBuildFile; fileRef = 1E974A561DC990A40091D375 /* gitHub_swiftTests.swift */; };
		1E974A621DC990A40091D375 /* gitHub_swiftUITests.swift in Sources */ = {isa = PBXBuildFile; fileRef = 1E974A611DC990A40091D375 /* gitHub_swiftUITests.swift */; };
/* End PBXBuildFile section */

/* Begin PBXContainerItemProxy section */
		1E974A531DC990A40091D375 /* PBXContainerItemProxy */ = {
			isa = PBXContainerItemProxy;
			containerPortal = 1E974A361DC990A40091D375 /* Project object */;
			proxyType = 1;
			remoteGlobalIDString = 1E974A3D1DC990A40091D375;
			remoteInfo = gitHub_swift;
		};
		1E974A5E1DC990A40091D375 /* PBXContainerItemProxy */ = {
			isa = PBXContainerItemProxy;
			containerPortal = 1E974A361DC990A40091D375 /* Project object */;
			proxyType = 1;
			remoteGlobalIDString = 1E974A3D1DC990A40091D375;
			remoteInfo = gitHub_swift;
		};
/* End PBXContainerItemProxy section */

/* Begin PBXFileReference section */
		1E974A3E1DC990A40091D375 /* gitHub_swift.app */ = {isa = PBXFileReference; explicitFileType = wrapper.application; includeInIndex = 0; path = gitHub_swift.app; sourceTree = BUILT_PRODUCTS_DIR; };
		1E974A411DC990A40091D375 /* AppDelegate.swift */ = {isa = PBXFileReference; lastKnownFileType = sourcecode.swift; path = AppDelegate.swift; sourceTree = "<group>"; };
		1E974A431DC990A40091D375 /* ViewController.swift */ = {isa = PBXFileReference; lastKnownFileType = sourcecode.swift; path = ViewController.swift; sourceTree = "<group>"; };
		1E974A461DC990A40091D375 /* Base */ = {isa = PBXFileReference; lastKnownFileType = file.storyboard; name = Base; path = Base.lproj/Main.storyboard; sourceTree = "<group>"; };
		1E974A481DC990A40091D375 /* Assets.xcassets */ = {isa = PBXFileReference; lastKnownFileType = folder.assetcatalog; path = Assets.xcassets; sourceTree = "<group>"; };
		1E974A4B1DC990A40091D375 /* Base */ = {isa = PBXFileReference; lastKnownFileType = file.storyboard; name = Base; path = Base.lproj/LaunchScreen.storyboard; sourceTree = "<group>"; };
		1E974A4D1DC990A40091D375 /* Info.plist */ = {isa = PBXFileReference; lastKnownFileType = text.plist.xml; path = Info.plist; sourceTree = "<group>"; };
		1E974A521DC990A40091D375 /* gitHub_swiftTests.xctest */ = {isa = PBXFileReference; explicitFileType = wrapper.cfbundle; includeInIndex = 0; path = gitHub_swiftTests.xctest; sourceTree = BUILT_PRODUCTS_DIR; };
		1E974A561DC990A40091D375 /* gitHub_swiftTests.swift */ = {isa = PBXFileReference; lastKnownFileType = sourcecode.swift; path = gitHub_swiftTests.swift; sourceTree = "<group>"; };
		1E974A581DC990A40091D375 /* Info.plist */ = {isa = PBXFileReference; lastKnownFileType = text.plist.xml; path = Info.plist; sourceTree = "<group>"; };
		1E974A5D1DC990A40091D375 /* gitHub_swiftUITests.xctest */ = {isa = PBXFileReference; explicitFileType = wrapper.cfbundle; includeInIndex = 0; path = gitHub_swiftUITests.xctest; sourceTree = BUILT_PRODUCTS_DIR; };
		1E974A611DC990A40091D375 /* gitHub_swiftUITests.swift */ = {isa = PBXFileReference; lastKnownFileType = sourcecode.swift; path = gitHub_swiftUITests.swift; sourceTree = "<group>"; };
		1E974A631DC990A40091D375 /* Info.plist */ = {isa = PBXFileReference; lastKnownFileType = text.plist.xml; path = Info.plist; sourceTree = "<group>"; };
/* End PBXFileReference section */

/* Begin PBXFrameworksBuildPhase section */
		1E974A3B1DC990A40091D375 /* Frameworks */ = {
			isa = PBXFrameworksBuildPhase;
			buildActionMask = 2147483647;
			files = (
			);
			runOnlyForDeploymentPostprocessing = 0;
		};
		1E974A4F1DC990A40091D375 /* Frameworks */ = {
			isa = PBXFrameworksBuildPhase;
			buildActionMask = 2147483647;
			files = (
			);
			runOnlyForDeploymentPostprocessing = 0;
		};
		1E974A5A1DC990A40091D375 /* Frameworks */ = {
			isa = PBXFrameworksBuildPhase;
			buildActionMask = 2147483647;
			files = (
			);
			runOnlyForDeploymentPostprocessing = 0;
		};
/* End PBXFrameworksBuildPhase section */

/* Begin PBXGroup section */
		1E974A351DC990A40091D375 = {
			isa = PBXGroup;
			children = (
				1E974A401DC990A40091D375 /* gitHub_swift */,
				1E974A551DC990A40091D375 /* gitHub_swiftTests */,
				1E974A601DC990A40091D375 /* gitHub_swiftUITests */,
				1E974A3F1DC990A40091D375 /* Products */,
			);
			sourceTree = "<group>";
		};
		1E974A3F1DC990A40091D375 /* Products */ = {
			isa = PBXGroup;
			children = (
				1E974A3E1DC990A40091D375 /* gitHub_swift.app */,
				1E974A521DC990A40091D375 /* gitHub_swiftTests.xctest */,
				1E974A5D1DC990A40091D375 /* gitHub_swiftUITests.xctest */,
			);
			name = Products;
			sourceTree = "<group>";
		};
		1E974A401DC990A40091D375 /* gitHub_swift */ = {
			isa = PBXGroup;
			children = (
				1E974A411DC990A40091D375 /* AppDelegate.swift */,
				1E974A431DC990A40091D375 /* ViewController.swift */,
				1E974A451DC990A40091D375 /* Main.storyboard */,
				1E974A481DC990A40091D375 /* Assets.xcassets */,
				1E974A4A1DC990A40091D375 /* LaunchScreen.storyboard */,
				1E974A4D1DC990A40091D375 /* Info.plist */,
			);
			path = gitHub_swift;
			sourceTree = "<group>";
		};
		1E974A551DC990A40091D375 /* gitHub_swiftTests */ = {
			isa = PBXGroup;
			children = (
				1E974A561DC990A40091D375 /* gitHub_swiftTests.swift */,
				1E974A581DC990A40091D375 /* Info.plist */,
			);
			path = gitHub_swiftTests;
			sourceTree = "<group>";
		};
		1E974A601DC990A40091D375 /* gitHub_swiftUITests */ = {
			isa = PBXGroup;
			children = (
				1E974A611DC990A40091D375 /* gitHub_swiftUITests.swift */,
				1E974A631DC990A40091D375 /* Info.plist */,
			);
			path = gitHub_swiftUITests;
			sourceTree = "<group>";
		};
/* End PBXGroup section */

/* Begin PBXNativeTarget section */
		1E974A3D1DC990A40091D375 /* gitHub_swift */ = {
			isa = PBXNativeTarget;
			buildConfigurationList = 1E974A661DC990A40091D375 /* Build configuration list for PBXNativeTarget "gitHub_swift" */;
			buildPhases = (
				1E974A3A1DC990A40091D375 /* Sources */,
				1E974A3B1DC990A40091D375 /* Frameworks */,
				1E974A3C1DC990A40091D375 /* Resources */,
			);
			buildRules = (
			);
			dependencies = (
			);
			name = gitHub_swift;
			productName = gitHub_swift;
			productReference = 1E974A3E1DC990A40091D375 /* gitHub_swift.app */;
			productType = "com.apple.product-type.application";
		};
		1E974A511DC990A40091D375 /* gitHub_swiftTests */ = {
			isa = PBXNativeTarget;
			buildConfigurationList = 1E974A691DC990A40091D375 /* Build configuration list for PBXNativeTarget "gitHub_swiftTests" */;
			buildPhases = (
				1E974A4E1DC990A40091D375 /* Sources */,
				1E974A4F1DC990A40091D375 /* Frameworks */,
				1E974A501DC990A40091D375 /* Resources */,
			);
			buildRules = (
			);
			dependencies = (
				1E974A541DC990A40091D375 /* PBXTargetDependency */,
			);
			name = gitHub_swiftTests;
			productName = gitHub_swiftTests;
			productReference = 1E974A521DC990A40091D375 /* gitHub_swiftTests.xctest */;
			productType = "com.apple.product-type.bundle.unit-test";
		};
		1E974A5C1DC990A40091D375 /* gitHub_swiftUITests */ = {
			isa = PBXNativeTarget;
			buildConfigurationList = 1E974A6C1DC990A40091D375 /* Build configuration list for PBXNativeTarget "gitHub_swiftUITests" */;
			buildPhases = (
				1E974A591DC990A40091D375 /* Sources */,
				1E974A5A1DC990A40091D375 /* Frameworks */,
				1E974A5B1DC990A40091D375 /* Resources */,
			);
			buildRules = (
			);
			dependencies = (
				1E974A5F1DC990A40091D375 /* PBXTargetDependency */,
			);
			name = gitHub_swiftUITests;
			productName = gitHub_swiftUITests;
			productReference = 1E974A5D1DC990A40091D375 /* gitHub_swiftUITests.xctest */;
			productType = "com.apple.product-type.bundle.ui-testing";
		};
/* End PBXNativeTarget section */

/* Begin PBXProject section */
		1E974A361DC990A40091D375 /* Project object */ = {
			isa = PBXProject;
			attributes = {
				LastSwiftUpdateCheck = 0800;
				LastUpgradeCheck = 0800;
				ORGANIZATIONNAME = "Yasin-iOSer";
				TargetAttributes = {
					1E974A3D1DC990A40091D375 = {
						CreatedOnToolsVersion = 8.0;
						ProvisioningStyle = Automatic;
					};
					1E974A511DC990A40091D375 = {
						CreatedOnToolsVersion = 8.0;
						ProvisioningStyle = Automatic;
						TestTargetID = 1E974A3D1DC990A40091D375;
					};
					1E974A5C1DC990A40091D375 = {
						CreatedOnToolsVersion = 8.0;
						ProvisioningStyle = Automatic;
						TestTargetID = 1E974A3D1DC990A40091D375;
					};
				};
			};
			buildConfigurationList = 1E974A391DC990A40091D375 /* Build configuration list for PBXProject "gitHub_swift" */;
			compatibilityVersion = "Xcode 3.2";
			developmentRegion = English;
			hasScannedForEncodings = 0;
			knownRegions = (
				en,
				Base,
			);
			mainGroup = 1E974A351DC990A40091D375;
			productRefGroup = 1E974A3F1DC990A40091D375 /* Products */;
			projectDirPath = "";
			projectRoot = "";
			targets = (
				1E974A3D1DC990A40091D375 /* gitHub_swift */,
				1E974A511DC990A40091D375 /* gitHub_swiftTests */,
				1E974A5C1DC990A40091D375 /* gitHub_swiftUITests */,
			);
		};
/* End PBXProject section */

/* Begin PBXResourcesBuildPhase section */
		1E974A3C1DC990A40091D375 /* Resources */ = {
			isa = PBXResourcesBuildPhase;
			buildActionMask = 2147483647;
			files = (
				1E974A4C1DC990A40091D375 /* LaunchScreen.storyboard in Resources */,
				1E974A491DC990A40091D375 /* Assets.xcassets in Resources */,
				1E974A471DC990A40091D375 /* Main.storyboard in Resources */,
			);
			runOnlyForDeploymentPostprocessing = 0;
		};
		1E974A501DC990A40091D375 /* Resources */ = {
			isa = PBXResourcesBuildPhase;
			buildActionMask = 2147483647;
			files = (
			);
			runOnlyForDeploymentPostprocessing = 0;
		};
		1E974A5B1DC990A40091D375 /* Resources */ = {
			isa = PBXResourcesBuildPhase;
			buildActionMask = 2147483647;
			files = (
			);
			runOnlyForDeploymentPostprocessing = 0;
		};
/* End PBXResourcesBuildPhase section */

/* Begin PBXSourcesBuildPhase section */
		1E974A3A1DC990A40091D375 /* Sources */ = {
			isa = PBXSourcesBuildPhase;
			buildActionMask = 2147483647;
			files = (
				1E974A441DC990A40091D375 /* ViewController.swift in Sources */,
				1E974A421DC990A40091D375 /* AppDelegate.swift in Sources */,
			);
			runOnlyForDeploymentPostprocessing = 0;
		};
		1E974A4E1DC990A40091D375 /* Sources */ = {
			isa = PBXSourcesBuildPhase;
			buildActionMask = 2147483647;
			files = (
				1E974A571DC990A40091D375 /* gitHub_swiftTests.swift in Sources */,
			);
			runOnlyForDeploymentPostprocessing = 0;
		};
		1E974A591DC990A40091D375 /* Sources */ = {
			isa = PBXSourcesBuildPhase;
			buildActionMask = 2147483647;
			files = (
				1E974A621DC990A40091D375 /* gitHub_swiftUITests.swift in Sources */,
			);
			runOnlyForDeploymentPostprocessing = 0;
		};
/* End PBXSourcesBuildPhase section */

/* Begin PBXTargetDependency section */
		1E974A541DC990A40091D375 /* PBXTargetDependency */ = {
			isa = PBXTargetDependency;
			target = 1E974A3D1DC990A40091D375 /* gitHub_swift */;
			targetProxy = 1E974A531DC990A40091D375 /* PBXContainerItemProxy */;
		};
		1E974A5F1DC990A40091D375 /* PBXTargetDependency */ = {
			isa = PBXTargetDependency;
			target = 1E974A3D1DC990A40091D375 /* gitHub_swift */;
			targetProxy = 1E974A5E1DC990A40091D375 /* PBXContainerItemProxy */;
		};
/* End PBXTargetDependency section */

/* Begin PBXVariantGroup section */
		1E974A451DC990A40091D375 /* Main.storyboard */ = {
			isa = PBXVariantGroup;
			children = (
				1E974A461DC990A40091D375 /* Base */,
			);
			name = Main.storyboard;
			sourceTree = "<group>";
		};
		1E974A4A1DC990A40091D375 /* LaunchScreen.storyboard */ = {
			isa = PBXVariantGroup;
			children = (
				1E974A4B1DC990A40091D375 /* Base */,
			);
			name = LaunchScreen.storyboard;
			sourceTree = "<group>";
		};
/* End PBXVariantGroup section */

/* Begin XCBuildConfiguration section */
		1E974A641DC990A40091D375 /* Debug */ = {
			isa = XCBuildConfiguration;
			buildSettings = {
				ALWAYS_SEARCH_USER_PATHS = NO;
				CLANG_ANALYZER_NONNULL = YES;
				CLANG_CXX_LANGUAGE_STANDARD = "gnu++0x";
				CLANG_CXX_LIBRARY = "libc++";
				CLANG_ENABLE_MODULES = YES;
				CLANG_ENABLE_OBJC_ARC = YES;
				CLANG_WARN_BOOL_CONVERSION = YES;
				CLANG_WARN_CONSTANT_CONVERSION = YES;
				CLANG_WARN_DIRECT_OBJC_ISA_USAGE = YES_ERROR;
				CLANG_WARN_DOCUMENTATION_COMMENTS = YES;
				CLANG_WARN_EMPTY_BODY = YES;
				CLANG_WARN_ENUM_CONVERSION = YES;
				CLANG_WARN_INFINITE_RECURSION = YES;
				CLANG_WARN_INT_CONVERSION = YES;
				CLANG_WARN_OBJC_ROOT_CLASS = YES_ERROR;
				CLANG_WARN_SUSPICIOUS_MOVES = YES;
				CLANG_WARN_UNREACHABLE_CODE = YES;
				CLANG_WARN__DUPLICATE_METHOD_MATCH = YES;
				"CODE_SIGN_IDENTITY[sdk=iphoneos*]" = "iPhone Developer";
				COPY_PHASE_STRIP = NO;
				DEBUG_INFORMATION_FORMAT = dwarf;
				ENABLE_STRICT_OBJC_MSGSEND = YES;
				ENABLE_TESTABILITY = YES;
				GCC_C_LANGUAGE_STANDARD = gnu99;
				GCC_DYNAMIC_NO_PIC = NO;
				GCC_NO_COMMON_BLOCKS = YES;
				GCC_OPTIMIZATION_LEVEL = 0;
				GCC_PREPROCESSOR_DEFINITIONS = (
					"DEBUG=1",
					"$(inherited)",
				);
				GCC_WARN_64_TO_32_BIT_CONVERSION = YES;
				GCC_WARN_ABOUT_RETURN_TYPE = YES_ERROR;
				GCC_WARN_UNDECLARED_SELECTOR = YES;
				GCC_WARN_UNINITIALIZED_AUTOS = YES_AGGRESSIVE;
				GCC_WARN_UNUSED_FUNCTION = YES;
				GCC_WARN_UNUSED_VARIABLE = YES;
				IPHONEOS_DEPLOYMENT_TARGET = 10.0;
				MTL_ENABLE_DEBUG_INFO = YES;
				ONLY_ACTIVE_ARCH = YES;
				SDKROOT = iphoneos;
				SWIFT_ACTIVE_COMPILATION_CONDITIONS = DEBUG;
				SWIFT_OPTIMIZATION_LEVEL = "-Onone";
			};
			name = Debug;
		};
		1E974A651DC990A40091D375 /* Release */ = {
			isa = XCBuildConfiguration;
			buildSettings = {
				ALWAYS_SEARCH_USER_PATHS = NO;
				CLANG_ANALYZER_NONNULL = YES;
				CLANG_CXX_LANGUAGE_STANDARD = "gnu++0x";
				CLANG_CXX_LIBRARY = "libc++";
				CLANG_ENABLE_MODULES = YES;
				CLANG_ENABLE_OBJC_ARC = YES;
				CLANG_WARN_BOOL_CONVERSION = YES;
				CLANG_WARN_CONSTANT_CONVERSION = YES;
				CLANG_WARN_DIRECT_OBJC_ISA_USAGE = YES_ERROR;
				CLANG_WARN_DOCUMENTATION_COMMENTS = YES;
				CLANG_WARN_EMPTY_BODY = YES;
				CLANG_WARN_ENUM_CONVERSION = YES;
				CLANG_WARN_INFINITE_RECURSION = YES;
				CLANG_WARN_INT_CONVERSION = YES;
				CLANG_WARN_OBJC_ROOT_CLASS = YES_ERROR;
				CLANG_WARN_SUSPICIOUS_MOVES = YES;
				CLANG_WARN_UNREACHABLE_CODE = YES;
				CLANG_WARN__DUPLICATE_METHOD_MATCH = YES;
				"CODE_SIGN_IDENTITY[sdk=iphoneos*]" = "iPhone Developer";
				COPY_PHASE_STRIP = NO;
				DEBUG_INFORMATION_FORMAT = "dwarf-with-dsym";
				ENABLE_NS_ASSERTIONS = NO;
				ENABLE_STRICT_OBJC_MSGSEND = YES;
				GCC_C_LANGUAGE_STANDARD = gnu99;
				GCC_NO_COMMON_BLOCKS = YES;
				GCC_WARN_64_TO_32_BIT_CONVERSION = YES;
				GCC_WARN_ABOUT_RETURN_TYPE = YES_ERROR;
				GCC_WARN_UNDECLARED_SELECTOR = YES;
				GCC_WARN_UNINITIALIZED_AUTOS = YES_AGGRESSIVE;
				GCC_WARN_UNUSED_FUNCTION = YES;
				GCC_WARN_UNUSED_VARIABLE = YES;
				IPHONEOS_DEPLOYMENT_TARGET = 10.0;
				MTL_ENABLE_DEBUG_INFO = NO;
				SDKROOT = iphoneos;
				SWIFT_OPTIMIZATION_LEVEL = "-Owholemodule";
				VALIDATE_PRODUCT = YES;
			};
			name = Release;
		};
		1E974A671DC990A40091D375 /* Debug */ = {
			isa = XCBuildConfiguration;
			buildSettings = {
				ASSETCATALOG_COMPILER_APPICON_NAME = AppIcon;
				INFOPLIST_FILE = gitHub_swift/Info.plist;
				LD_RUNPATH_SEARCH_PATHS = "$(inherited) @executable_path/Frameworks";
				PRODUCT_BUNDLE_IDENTIFIER = "com.yasin.gitHub-swift";
				PRODUCT_NAME = "$(TARGET_NAME)";
				SWIFT_VERSION = 3.0;
			};
			name = Debug;
		};
		1E974A681DC990A40091D375 /* Release */ = {
			isa = XCBuildConfiguration;
			buildSettings = {
				ASSETCATALOG_COMPILER_APPICON_NAME = AppIcon;
				INFOPLIST_FILE = gitHub_swift/Info.plist;
				LD_RUNPATH_SEARCH_PATHS = "$(inherited) @executable_path/Frameworks";
				PRODUCT_BUNDLE_IDENTIFIER = "com.yasin.gitHub-swift";
				PRODUCT_NAME = "$(TARGET_NAME)";
				SWIFT_VERSION = 3.0;
			};
			name = Release;
		};
		1E974A6A1DC990A40091D375 /* Debug */ = {
			isa = XCBuildConfiguration;
			buildSettings = {
				ALWAYS_EMBED_SWIFT_STANDARD_LIBRARIES = YES;
				BUNDLE_LOADER = "$(TEST_HOST)";
				INFOPLIST_FILE = gitHub_swiftTests/Info.plist;
				LD_RUNPATH_SEARCH_PATHS = "$(inherited) @executable_path/Frameworks @loader_path/Frameworks";
				PRODUCT_BUNDLE_IDENTIFIER = "com.yasin.gitHub-swiftTests";
				PRODUCT_NAME = "$(TARGET_NAME)";
				SWIFT_VERSION = 3.0;
				TEST_HOST = "$(BUILT_PRODUCTS_DIR)/gitHub_swift.app/gitHub_swift";
			};
			name = Debug;
		};
		1E974A6B1DC990A40091D375 /* Release */ = {
			isa = XCBuildConfiguration;
			buildSettings = {
				ALWAYS_EMBED_SWIFT_STANDARD_LIBRARIES = YES;
				BUNDLE_LOADER = "$(TEST_HOST)";
				INFOPLIST_FILE = gitHub_swiftTests/Info.plist;
				LD_RUNPATH_SEARCH_PATHS = "$(inherited) @executable_path/Frameworks @loader_path/Frameworks";
				PRODUCT_BUNDLE_IDENTIFIER = "com.yasin.gitHub-swiftTests";
				PRODUCT_NAME = "$(TARGET_NAME)";
				SWIFT_VERSION = 3.0;
				TEST_HOST = "$(BUILT_PRODUCTS_DIR)/gitHub_swift.app/gitHub_swift";
			};
			name = Release;
		};
		1E974A6D1DC990A40091D375 /* Debug */ = {
			isa = XCBuildConfiguration;
			buildSettings = {
				ALWAYS_EMBED_SWIFT_STANDARD_LIBRARIES = YES;
				INFOPLIST_FILE = gitHub_swiftUITests/Info.plist;
				LD_RUNPATH_SEARCH_PATHS = "$(inherited) @executable_path/Frameworks @loader_path/Frameworks";
				PRODUCT_BUNDLE_IDENTIFIER = "com.yasin.gitHub-swiftUITests";
				PRODUCT_NAME = "$(TARGET_NAME)";
				SWIFT_VERSION = 3.0;
				TEST_TARGET_NAME = gitHub_swift;
			};
			name = Debug;
		};
		1E974A6E1DC990A40091D375 /* Release */ = {
			isa = XCBuildConfiguration;
			buildSettings = {
				ALWAYS_EMBED_SWIFT_STANDARD_LIBRARIES = YES;
				INFOPLIST_FILE = gitHub_swiftUITests/Info.plist;
				LD_RUNPATH_SEARCH_PATHS = "$(inherited) @executable_path/Frameworks @loader_path/Frameworks";
				PRODUCT_BUNDLE_IDENTIFIER = "com.yasin.gitHub-swiftUITests";
				PRODUCT_NAME = "$(TARGET_NAME)";
				SWIFT_VERSION = 3.0;
				TEST_TARGET_NAME = gitHub_swift;
			};
			name = Release;
		};
/* End XCBuildConfiguration section */

/* Begin XCConfigurationList section */
		1E974A391DC990A40091D375 /* Build configuration list for PBXProject "gitHub_swift" */ = {
			isa = XCConfigurationList;
			buildConfigurations = (
				1E974A641DC990A40091D375 /* Debug */,
				1E974A651DC990A40091D375 /* Release */,
			);
			defaultConfigurationIsVisible = 0;
			defaultConfigurationName = Release;
		};
		1E974A661DC990A40091D375 /* Build configuration list for PBXNativeTarget "gitHub_swift" */ = {
			isa = XCConfigurationList;
			buildConfigurations = (
				1E974A671DC990A40091D375 /* Debug */,
				1E974A681DC990A40091D375 /* Release */,
			);
			defaultConfigurationIsVisible = 0;
		};
		1E974A691DC990A40091D375 /* Build configuration list for PBXNativeTarget "gitHub_swiftTests" */ = {
			isa = XCConfigurationList;
			buildConfigurations = (
				1E974A6A1DC990A40091D375 /* Debug */,
				1E974A6B1DC990A40091D375 /* Release */,
			);
			defaultConfigurationIsVisible = 0;
		};
		1E974A6C1DC990A40091D375 /* Build configuration list for PBXNativeTarget "gitHub_swiftUITests" */ = {
			isa = XCConfigurationList;
			buildConfigurations = (
				1E974A6D1DC990A40091D375 /* Debug */,
				1E974A6E1DC990A40091D375 /* Release */,
			);
			defaultConfigurationIsVisible = 0;
		};
/* End XCConfigurationList section */
	};
	rootObject = 1E974A361DC990A40091D375 /* Project object */;
}
